
Microsoft Visual Studio Solution File, Format Version 12.00
# Visual Studio Version 17
VisualStudioVersion = 17.6.33723.286
MinimumVisualStudioVersion = 10.0.40219.1
Project("{FAE04EC0-301F-11D3-BF4B-00C04F79EFBC}") = "BulkyBookWeb", "BulkyBookWeb\BulkyBookWeb.csproj", "{B6401918-9A23-4CB3-9633-F16AC146868F}"
EndProject
Global
	GlobalSection(SolutionConfigurationPlatforms) = preSolution
		Debug|Any CPU = Debug|Any CPU
		Release|Any CPU = Release|Any CPU
	EndGlobalSection
	GlobalSection(ProjectConfigurationPlatforms) = postSolution
		{B6401918-9A23-4CB3-9633-F16AC146868F}.Debug|Any CPU.ActiveCfg = Debug|Any CPU
		{B6401918-9A23-4CB3-9633-F16AC146868F}.Debug|Any CPU.Build.0 = Debug|Any CPU
		{B6401918-9A23-4CB3-9633-F16AC146868F}.Release|Any CPU.ActiveCfg = Release|Any CPU
		{B6401918-9A23-4CB3-9633-F16AC146868F}.Release|Any CPU.Build.0 = Release|Any CPU
	EndGlobalSection
	GlobalSection(SolutionProperties) = preSolution
		HideSolutionNode = FALSE
	EndGlobalSection
	GlobalSection(ExtensibilityGlobals) = postSolution
		SolutionGuid = {5FA37B0F-725F-4754-AD1A-1354ED57DC42}
	EndGlobalSection
EndGlobal
